
Microsoft Visual Studio Solution File, Format Version 12.00
# Visual Studio Version 16
VisualStudioVersion = 16.0.31112.23
MinimumVisualStudioVersion = 10.0.40219.1
Project("{9A19103F-16F7-4668-BE54-9A1E7A4F7556}") = "WEB", "WEB\WEB.csproj", "{3FC5CBCB-CE3C-4948-AF81-2236D3FD8BF3}"
EndProject
Project("{9A19103F-16F7-4668-BE54-9A1E7A4F7556}") = "DAL", "DAL\DAL.csproj", "{746608BB-AC0B-4B5C-B87E-D5502E0A7548}"
EndProject
Project("{9A19103F-16F7-4668-BE54-9A1E7A4F7556}") = "BAL", "BAL\BAL.csproj", "{F865790C-58E7-40DB-ACC3-54D6BCDEA533}"
EndProject
Project("{FAE04EC0-301F-11D3-BF4B-00C04F79EFBC}") = "TEST", "TEST\TEST.csproj", "{7D3A2E12-8698-4A8A-9510-71E6C5B1189E}"
EndProject
Global
	GlobalSection(SolutionConfigurationPlatforms) = preSolution
		Debug|Any CPU = Debug|Any CPU
		Release|Any CPU = Release|Any CPU
	EndGlobalSection
	GlobalSection(ProjectConfigurationPlatforms) = postSolution
		{3FC5CBCB-CE3C-4948-AF81-2236D3FD8BF3}.Debug|Any CPU.ActiveCfg = Debug|Any CPU
		{3FC5CBCB-CE3C-4948-AF81-2236D3FD8BF3}.Debug|Any CPU.Build.0 = Debug|Any CPU
		{3FC5CBCB-CE3C-4948-AF81-2236D3FD8BF3}.Release|Any CPU.ActiveCfg = Release|Any CPU
		{3FC5CBCB-CE3C-4948-AF81-2236D3FD8BF3}.Release|Any CPU.Build.0 = Release|Any CPU
		{746608BB-AC0B-4B5C-B87E-D5502E0A7548}.Debug|Any CPU.ActiveCfg = Debug|Any CPU
		{746608BB-AC0B-4B5C-B87E-D5502E0A7548}.Debug|Any CPU.Build.0 = Debug|Any CPU
		{746608BB-AC0B-4B5C-B87E-D5502E0A7548}.Release|Any CPU.ActiveCfg = Release|Any CPU
		{746608BB-AC0B-4B5C-B87E-D5502E0A7548}.Release|Any CPU.Build.0 = Release|Any CPU
		{F865790C-58E7-40DB-ACC3-54D6BCDEA533}.Debug|Any CPU.ActiveCfg = Debug|Any CPU
		{F865790C-58E7-40DB-ACC3-54D6BCDEA533}.Debug|Any CPU.Build.0 = Debug|Any CPU
		{F865790C-58E7-40DB-ACC3-54D6BCDEA533}.Release|Any CPU.ActiveCfg = Release|Any CPU
		{F865790C-58E7-40DB-ACC3-54D6BCDEA533}.Release|Any CPU.Build.0 = Release|Any CPU
		{7D3A2E12-8698-4A8A-9510-71E6C5B1189E}.Debug|Any CPU.ActiveCfg = Debug|Any CPU
		{7D3A2E12-8698-4A8A-9510-71E6C5B1189E}.Debug|Any CPU.Build.0 = Debug|Any CPU
		{7D3A2E12-8698-4A8A-9510-71E6C5B1189E}.Release|Any CPU.ActiveCfg = Release|Any CPU
		{7D3A2E12-8698-4A8A-9510-71E6C5B1189E}.Release|Any CPU.Build.0 = Release|Any CPU
	EndGlobalSection
	GlobalSection(SolutionProperties) = preSolution
		HideSolutionNode = FALSE
	EndGlobalSection
	GlobalSection(ExtensibilityGlobals) = postSolution
		SolutionGuid = {A0DC1130-5C33-45B9-B919-E642335195A5}
	EndGlobalSection
EndGlobal
